
Microsoft Visual Studio Solution File, Format Version 12.00
# Visual Studio Version 17
VisualStudioVersion = 17.11.35303.130
MinimumVisualStudioVersion = 10.0.40219.1
Project("{2150E333-8FDC-42A3-9474-1A3956D46DE8}") = "Task0", "Task0", "{404F76C9-B22D-41E1-B0FA-F1BC8322D667}"
EndProject
Project("{2150E333-8FDC-42A3-9474-1A3956D46DE8}") = "Task1", "Task1", "{56AF6A46-A32D-4C52-9C0B-F88E771ADB3E}"
EndProject
Project("{2150E333-8FDC-42A3-9474-1A3956D46DE8}") = "Task2", "Task2", "{9CBC5F5E-328B-44DF-81EE-A9D9E8DAB8C9}"
EndProject
Project("{2150E333-8FDC-42A3-9474-1A3956D46DE8}") = "Task3", "Task3", "{60F29F15-5B3F-4D65-875D-60351BA683BC}"
EndProject
Project("{2150E333-8FDC-42A3-9474-1A3956D46DE8}") = "Task4", "Task4", "{B24873F7-CCD5-4D53-8B0B-872E4F8F1427}"
EndProject
Project("{2150E333-8FDC-42A3-9474-1A3956D46DE8}") = "Task5", "Task5", "{A22D80BF-FCDE-4889-8500-DCFC6FC636AB}"
EndProject
Project("{2150E333-8FDC-42A3-9474-1A3956D46DE8}") = "Task6", "Task6", "{DDE48168-77CD-4D00-A8B4-8F3F2ABA4743}"
EndProject
Project("{2150E333-8FDC-42A3-9474-1A3956D46DE8}") = "Task7", "Task7", "{A5B341A7-7CF9-47A4-A7A1-FBB09BA5EE76}"
EndProject
Project("{9A19103F-16F7-4668-BE54-9A1E7A4F7556}") = "Tyuiu.BaimuhametovaMD.Sprint6.Task0.V17.Lib", "Tyuiu.BaimuhametovaMD.Sprint6.Task0.V17.Lib\Tyuiu.BaimuhametovaMD.Sprint6.Task0.V17.Lib.csproj", "{E471975E-4747-4C03-9788-5AF730914F47}"
EndProject
Project("{9A19103F-16F7-4668-BE54-9A1E7A4F7556}") = "Tyuiu.BaimuhametovaMD.Sprint6.Task0.V17.Test", "Tyuiu.BaimuhametovaMD.Sprint6.Task0.V17.Test\Tyuiu.BaimuhametovaMD.Sprint6.Task0.V17.Test.csproj", "{1F186FEA-ECCC-4A1A-B107-3D95F72685FD}"
EndProject
Project("{9A19103F-16F7-4668-BE54-9A1E7A4F7556}") = "Tyuiu.BaimuhametovaMD.Sprint6.Task0.V17", "Tyuiu.BaimuhametovaMD.Sprint6.Task0.V17\Tyuiu.BaimuhametovaMD.Sprint6.Task0.V17.csproj", "{EA43902A-3F29-484E-840F-DD8B6CAD1DA0}"
EndProject
Project("{9A19103F-16F7-4668-BE54-9A1E7A4F7556}") = "Tyuiu.BaimuhametovaMD.Sprint6.Task1.V27.Lib", "Tyuiu.BaimuhametovaMD.Sprint6.Task1.V27.Lib\Tyuiu.BaimuhametovaMD.Sprint6.Task1.V27.Lib.csproj", "{885F5389-5A45-4F0E-BF31-4E240867000D}"
EndProject
Project("{9A19103F-16F7-4668-BE54-9A1E7A4F7556}") = "Tyuiu.BaimuhametovaMD.Sprint6.Task1.V27.Test", "Tyuiu.BaimuhametovaMD.Sprint6.Task1.V27.Test\Tyuiu.BaimuhametovaMD.Sprint6.Task1.V27.Test.csproj", "{9C03FE94-5AF1-47A3-91F2-CF52CF94CD4E}"
EndProject
Project("{9A19103F-16F7-4668-BE54-9A1E7A4F7556}") = "Tyuiu.BaimuhametovaMD.Sprint6.Task1.V27", "Tyuiu.BaimuhametovaMD.Sprint6.Task1.V27\Tyuiu.BaimuhametovaMD.Sprint6.Task1.V27.csproj", "{DC13268D-22A1-41AD-B5C4-755B2D2F7EFD}"
EndProject
Project("{9A19103F-16F7-4668-BE54-9A1E7A4F7556}") = "Tyuiu.BaimuhametovaMD.Sprint6.Task2.V22", "Tyuiu.BaimuhametovaMD.Sprint6.Task2.V22\Tyuiu.BaimuhametovaMD.Sprint6.Task2.V22.csproj", "{AED081E3-30E3-467A-96BC-563ABBF2E874}"
EndProject
Project("{9A19103F-16F7-4668-BE54-9A1E7A4F7556}") = "Tyuiu.BaimuhametovaMD.Sprint6.Task2.V22.Test", "Tyuiu.BaimuhametovaMD.Sprint6.Task2.V22.Test\Tyuiu.BaimuhametovaMD.Sprint6.Task2.V22.Test.csproj", "{7ACB22B7-5F17-4648-8F95-7C981222D99D}"
EndProject
Project("{9A19103F-16F7-4668-BE54-9A1E7A4F7556}") = "Tyuiu.BaimuhametovaMD.Sprint6.Task2.V22.Lib", "Tyuiu.BaimuhametovaMD.Sprint6.Task2.V22.Lib\Tyuiu.BaimuhametovaMD.Sprint6.Task2.V22.Lib.csproj", "{7FC7998F-DBDD-43AC-AA84-44203B01A898}"
EndProject
Project("{9A19103F-16F7-4668-BE54-9A1E7A4F7556}") = "Tyuiu.BaimuhametovaMD.Sprint6.Task3.V19.Lib", "Tyuiu.BaimuhametovaMD.Sprint6.Task3.V19.Lib\Tyuiu.BaimuhametovaMD.Sprint6.Task3.V19.Lib.csproj", "{18F6750E-FAD0-4863-9B47-F161FB6B22BE}"
EndProject
Project("{9A19103F-16F7-4668-BE54-9A1E7A4F7556}") = "Tyuiu.BaimuhametovaMD.Sprint6.Task3.V19.Test", "Tyuiu.BaimuhametovaMD.Sprint6.Task3.V19.Test\Tyuiu.BaimuhametovaMD.Sprint6.Task3.V19.Test.csproj", "{0AF94B76-36AC-4A2E-90DF-D39DB98CCE0D}"
EndProject
Project("{9A19103F-16F7-4668-BE54-9A1E7A4F7556}") = "Tyuiu.BaimuhametovaMD.Sprint6.Task3.V19", "Tyuiu.BaimuhametovaMD.Sprint6.Task3.V19\Tyuiu.BaimuhametovaMD.Sprint6.Task3.V19.csproj", "{57940EFD-BADD-447E-B935-D0250528FA31}"
EndProject
Project("{9A19103F-16F7-4668-BE54-9A1E7A4F7556}") = "Tyuiu.BaimuhametovaMD.Sprint6.Task4.V8", "Tyuiu.BaimuhametovaMD.Sprint6.Task4.V8\Tyuiu.BaimuhametovaMD.Sprint6.Task4.V8.csproj", "{1667D5FC-2892-4B9C-B35D-1B2D6A370BBC}"
EndProject
Project("{9A19103F-16F7-4668-BE54-9A1E7A4F7556}") = "Tyuiu.BaimuhametovaMD.Sprint6.Task4.V8.Test", "Tyuiu.BaimuhametovaMD.Sprint6.Task4.V8.Test\Tyuiu.BaimuhametovaMD.Sprint6.Task4.V8.Test.csproj", "{74D15ACC-183C-44D0-9132-2759CBE477E8}"
EndProject
Project("{9A19103F-16F7-4668-BE54-9A1E7A4F7556}") = "Tyuiu.BaimuhametovaMD.Sprint6.Task4.V8.Lib", "Tyuiu.BaimuhametovaMD.Sprint6.Task4.V8.Lib\Tyuiu.BaimuhametovaMD.Sprint6.Task4.V8.Lib.csproj", "{EBDE9B83-5DC6-4A5D-BCF5-2F49929771EF}"
EndProject
Project("{9A19103F-16F7-4668-BE54-9A1E7A4F7556}") = "Tyuiu.BaimuhametovaMD.Sprint6.Task5.V29.Lib", "Tyuiu.BaimuhametovaMD.Sprint6.Task5.V29.Lib\Tyuiu.BaimuhametovaMD.Sprint6.Task5.V29.Lib.csproj", "{9878A811-F0C1-499D-B394-1F997044984F}"
EndProject
Project("{9A19103F-16F7-4668-BE54-9A1E7A4F7556}") = "Tyuiu.BaimuhametovaMD.Sprint6.Task5.V29.Test", "Tyuiu.BaimuhametovaMD.Sprint6.Task5.V29.Test\Tyuiu.BaimuhametovaMD.Sprint6.Task5.V29.Test.csproj", "{6057DD57-91B4-4C9F-8DE2-0B9B230605F5}"
EndProject
Project("{9A19103F-16F7-4668-BE54-9A1E7A4F7556}") = "Tyuiu.BaimuhametovaMD.Sprint6.Task5.V29", "Tyuiu.BaimuhametovaMD.Sprint6.Task5.V29\Tyuiu.BaimuhametovaMD.Sprint6.Task5.V29.csproj", "{4DB441FB-E1DB-4234-AE14-69A048A4744F}"
EndProject
Project("{FAE04EC0-301F-11D3-BF4B-00C04F79EFBC}") = "Tyuiu.BaimuhametovaMD.Sprint6.Task6.V23", "Tyuiu.BaimuhametovaMD.Sprint6.Task6.V23\Tyuiu.BaimuhametovaMD.Sprint6.Task6.V23.csproj", "{FC3701AE-008F-4F3D-9AD2-D519C1DA7ADD}"
EndProject
Project("{FAE04EC0-301F-11D3-BF4B-00C04F79EFBC}") = "Tyuiu.BaimuhametovaMD.Sprint6.Task6.V23.Test", "Tyuiu.BaimuhametovaMD.Sprint6.Task6.V23.Test\Tyuiu.BaimuhametovaMD.Sprint6.Task6.V23.Test.csproj", "{F4CBCE23-1350-4CF7-9665-9592B7F204A9}"
EndProject
Project("{FAE04EC0-301F-11D3-BF4B-00C04F79EFBC}") = "Tyuiu.BaimuhametovaMD.Sprint6.Task6.V23.Lib", "Tyuiu.BaimuhametovaMD.Sprint6.Task6.V23.Lib\Tyuiu.BaimuhametovaMD.Sprint6.Task6.V23.Lib.csproj", "{F53A552C-917D-4EB3-AB9E-645C9C01B4E9}"
EndProject
Global
	GlobalSection(SolutionConfigurationPlatforms) = preSolution
		Debug|Any CPU = Debug|Any CPU
		Release|Any CPU = Release|Any CPU
	EndGlobalSection
	GlobalSection(ProjectConfigurationPlatforms) = postSolution
		{E471975E-4747-4C03-9788-5AF730914F47}.Debug|Any CPU.ActiveCfg = Debug|Any CPU
		{E471975E-4747-4C03-9788-5AF730914F47}.Debug|Any CPU.Build.0 = Debug|Any CPU
		{E471975E-4747-4C03-9788-5AF730914F47}.Release|Any CPU.ActiveCfg = Release|Any CPU
		{E471975E-4747-4C03-9788-5AF730914F47}.Release|Any CPU.Build.0 = Release|Any CPU
		{1F186FEA-ECCC-4A1A-B107-3D95F72685FD}.Debug|Any CPU.ActiveCfg = Debug|Any CPU
		{1F186FEA-ECCC-4A1A-B107-3D95F72685FD}.Debug|Any CPU.Build.0 = Debug|Any CPU
		{1F186FEA-ECCC-4A1A-B107-3D95F72685FD}.Release|Any CPU.ActiveCfg = Release|Any CPU
		{1F186FEA-ECCC-4A1A-B107-3D95F72685FD}.Release|Any CPU.Build.0 = Release|Any CPU
		{EA43902A-3F29-484E-840F-DD8B6CAD1DA0}.Debug|Any CPU.ActiveCfg = Debug|Any CPU
		{EA43902A-3F29-484E-840F-DD8B6CAD1DA0}.Debug|Any CPU.Build.0 = Debug|Any CPU
		{EA43902A-3F29-484E-840F-DD8B6CAD1DA0}.Release|Any CPU.ActiveCfg = Release|Any CPU
		{EA43902A-3F29-484E-840F-DD8B6CAD1DA0}.Release|Any CPU.Build.0 = Release|Any CPU
		{885F5389-5A45-4F0E-BF31-4E240867000D}.Debug|Any CPU.ActiveCfg = Debug|Any CPU
		{885F5389-5A45-4F0E-BF31-4E240867000D}.Debug|Any CPU.Build.0 = Debug|Any CPU
		{885F5389-5A45-4F0E-BF31-4E240867000D}.Release|Any CPU.ActiveCfg = Release|Any CPU
		{885F5389-5A45-4F0E-BF31-4E240867000D}.Release|Any CPU.Build.0 = Release|Any CPU
		{9C03FE94-5AF1-47A3-91F2-CF52CF94CD4E}.Debug|Any CPU.ActiveCfg = Debug|Any CPU
		{9C03FE94-5AF1-47A3-91F2-CF52CF94CD4E}.Debug|Any CPU.Build.0 = Debug|Any CPU
		{9C03FE94-5AF1-47A3-91F2-CF52CF94CD4E}.Release|Any CPU.ActiveCfg = Release|Any CPU
		{9C03FE94-5AF1-47A3-91F2-CF52CF94CD4E}.Release|Any CPU.Build.0 = Release|Any CPU
		{DC13268D-22A1-41AD-B5C4-755B2D2F7EFD}.Debug|Any CPU.ActiveCfg = Debug|Any CPU
		{DC13268D-22A1-41AD-B5C4-755B2D2F7EFD}.Debug|Any CPU.Build.0 = Debug|Any CPU
		{DC13268D-22A1-41AD-B5C4-755B2D2F7EFD}.Release|Any CPU.ActiveCfg = Release|Any CPU
		{DC13268D-22A1-41AD-B5C4-755B2D2F7EFD}.Release|Any CPU.Build.0 = Release|Any CPU
		{AED081E3-30E3-467A-96BC-563ABBF2E874}.Debug|Any CPU.ActiveCfg = Debug|Any CPU
		{AED081E3-30E3-467A-96BC-563ABBF2E874}.Debug|Any CPU.Build.0 = Debug|Any CPU
		{AED081E3-30E3-467A-96BC-563ABBF2E874}.Release|Any CPU.ActiveCfg = Release|Any CPU
		{AED081E3-30E3-467A-96BC-563ABBF2E874}.Release|Any CPU.Build.0 = Release|Any CPU
		{7ACB22B7-5F17-4648-8F95-7C981222D99D}.Debug|Any CPU.ActiveCfg = Debug|Any CPU
		{7ACB22B7-5F17-4648-8F95-7C981222D99D}.Debug|Any CPU.Build.0 = Debug|Any CPU
		{7ACB22B7-5F17-4648-8F95-7C981222D99D}.Release|Any CPU.ActiveCfg = Release|Any CPU
		{7ACB22B7-5F17-4648-8F95-7C981222D99D}.Release|Any CPU.Build.0 = Release|Any CPU
		{7FC7998F-DBDD-43AC-AA84-44203B01A898}.Debug|Any CPU.ActiveCfg = Debug|Any CPU
		{7FC7998F-DBDD-43AC-AA84-44203B01A898}.Debug|Any CPU.Build.0 = Debug|Any CPU
		{7FC7998F-DBDD-43AC-AA84-44203B01A898}.Release|Any CPU.ActiveCfg = Release|Any CPU
		{7FC7998F-DBDD-43AC-AA84-44203B01A898}.Release|Any CPU.Build.0 = Release|Any CPU
		{18F6750E-FAD0-4863-9B47-F161FB6B22BE}.Debug|Any CPU.ActiveCfg = Debug|Any CPU
		{18F6750E-FAD0-4863-9B47-F161FB6B22BE}.Debug|Any CPU.Build.0 = Debug|Any CPU
		{18F6750E-FAD0-4863-9B47-F161FB6B22BE}.Release|Any CPU.ActiveCfg = Release|Any CPU
		{18F6750E-FAD0-4863-9B47-F161FB6B22BE}.Release|Any CPU.Build.0 = Release|Any CPU
		{0AF94B76-36AC-4A2E-90DF-D39DB98CCE0D}.Debug|Any CPU.ActiveCfg = Debug|Any CPU
		{0AF94B76-36AC-4A2E-90DF-D39DB98CCE0D}.Debug|Any CPU.Build.0 = Debug|Any CPU
		{0AF94B76-36AC-4A2E-90DF-D39DB98CCE0D}.Release|Any CPU.ActiveCfg = Release|Any CPU
		{0AF94B76-36AC-4A2E-90DF-D39DB98CCE0D}.Release|Any CPU.Build.0 = Release|Any CPU
		{57940EFD-BADD-447E-B935-D0250528FA31}.Debug|Any CPU.ActiveCfg = Debug|Any CPU
		{57940EFD-BADD-447E-B935-D0250528FA31}.Debug|Any CPU.Build.0 = Debug|Any CPU
		{57940EFD-BADD-447E-B935-D0250528FA31}.Release|Any CPU.ActiveCfg = Release|Any CPU
		{57940EFD-BADD-447E-B935-D0250528FA31}.Release|Any CPU.Build.0 = Release|Any CPU
		{1667D5FC-2892-4B9C-B35D-1B2D6A370BBC}.Debug|Any CPU.ActiveCfg = Debug|Any CPU
		{1667D5FC-2892-4B9C-B35D-1B2D6A370BBC}.Debug|Any CPU.Build.0 = Debug|Any CPU
		{1667D5FC-2892-4B9C-B35D-1B2D6A370BBC}.Release|Any CPU.ActiveCfg = Release|Any CPU
		{1667D5FC-2892-4B9C-B35D-1B2D6A370BBC}.Release|Any CPU.Build.0 = Release|Any CPU
		{74D15ACC-183C-44D0-9132-2759CBE477E8}.Debug|Any CPU.ActiveCfg = Debug|Any CPU
		{74D15ACC-183C-44D0-9132-2759CBE477E8}.Debug|Any CPU.Build.0 = Debug|Any CPU
		{74D15ACC-183C-44D0-9132-2759CBE477E8}.Release|Any CPU.ActiveCfg = Release|Any CPU
		{74D15ACC-183C-44D0-9132-2759CBE477E8}.Release|Any CPU.Build.0 = Release|Any CPU
		{EBDE9B83-5DC6-4A5D-BCF5-2F49929771EF}.Debug|Any CPU.ActiveCfg = Debug|Any CPU
		{EBDE9B83-5DC6-4A5D-BCF5-2F49929771EF}.Debug|Any CPU.Build.0 = Debug|Any CPU
		{EBDE9B83-5DC6-4A5D-BCF5-2F49929771EF}.Release|Any CPU.ActiveCfg = Release|Any CPU
		{EBDE9B83-5DC6-4A5D-BCF5-2F49929771EF}.Release|Any CPU.Build.0 = Release|Any CPU
		{9878A811-F0C1-499D-B394-1F997044984F}.Debug|Any CPU.ActiveCfg = Debug|Any CPU
		{9878A811-F0C1-499D-B394-1F997044984F}.Debug|Any CPU.Build.0 = Debug|Any CPU
		{9878A811-F0C1-499D-B394-1F997044984F}.Release|Any CPU.ActiveCfg = Release|Any CPU
		{9878A811-F0C1-499D-B394-1F997044984F}.Release|Any CPU.Build.0 = Release|Any CPU
		{6057DD57-91B4-4C9F-8DE2-0B9B230605F5}.Debug|Any CPU.ActiveCfg = Debug|Any CPU
		{6057DD57-91B4-4C9F-8DE2-0B9B230605F5}.Debug|Any CPU.Build.0 = Debug|Any CPU
		{6057DD57-91B4-4C9F-8DE2-0B9B230605F5}.Release|Any CPU.ActiveCfg = Release|Any CPU
		{6057DD57-91B4-4C9F-8DE2-0B9B230605F5}.Release|Any CPU.Build.0 = Release|Any CPU
		{4DB441FB-E1DB-4234-AE14-69A048A4744F}.Debug|Any CPU.ActiveCfg = Debug|Any CPU
		{4DB441FB-E1DB-4234-AE14-69A048A4744F}.Debug|Any CPU.Build.0 = Debug|Any CPU
		{4DB441FB-E1DB-4234-AE14-69A048A4744F}.Release|Any CPU.ActiveCfg = Release|Any CPU
		{4DB441FB-E1DB-4234-AE14-69A048A4744F}.Release|Any CPU.Build.0 = Release|Any CPU
		{FC3701AE-008F-4F3D-9AD2-D519C1DA7ADD}.Debug|Any CPU.ActiveCfg = Debug|Any CPU
		{FC3701AE-008F-4F3D-9AD2-D519C1DA7ADD}.Debug|Any CPU.Build.0 = Debug|Any CPU
		{FC3701AE-008F-4F3D-9AD2-D519C1DA7ADD}.Release|Any CPU.ActiveCfg = Release|Any CPU
		{FC3701AE-008F-4F3D-9AD2-D519C1DA7ADD}.Release|Any CPU.Build.0 = Release|Any CPU
		{F4CBCE23-1350-4CF7-9665-9592B7F204A9}.Debug|Any CPU.ActiveCfg = Debug|Any CPU
		{F4CBCE23-1350-4CF7-9665-9592B7F204A9}.Debug|Any CPU.Build.0 = Debug|Any CPU
		{F4CBCE23-1350-4CF7-9665-9592B7F204A9}.Release|Any CPU.ActiveCfg = Release|Any CPU
		{F4CBCE23-1350-4CF7-9665-9592B7F204A9}.Release|Any CPU.Build.0 = Release|Any CPU
		{F53A552C-917D-4EB3-AB9E-645C9C01B4E9}.Debug|Any CPU.ActiveCfg = Debug|Any CPU
		{F53A552C-917D-4EB3-AB9E-645C9C01B4E9}.Debug|Any CPU.Build.0 = Debug|Any CPU
		{F53A552C-917D-4EB3-AB9E-645C9C01B4E9}.Release|Any CPU.ActiveCfg = Release|Any CPU
		{F53A552C-917D-4EB3-AB9E-645C9C01B4E9}.Release|Any CPU.Build.0 = Release|Any CPU
	EndGlobalSection
	GlobalSection(SolutionProperties) = preSolution
		HideSolutionNode = FALSE
	EndGlobalSection
	GlobalSection(NestedProjects) = preSolution
		{E471975E-4747-4C03-9788-5AF730914F47} = {404F76C9-B22D-41E1-B0FA-F1BC8322D667}
		{1F186FEA-ECCC-4A1A-B107-3D95F72685FD} = {404F76C9-B22D-41E1-B0FA-F1BC8322D667}
		{EA43902A-3F29-484E-840F-DD8B6CAD1DA0} = {404F76C9-B22D-41E1-B0FA-F1BC8322D667}
		{885F5389-5A45-4F0E-BF31-4E240867000D} = {56AF6A46-A32D-4C52-9C0B-F88E771ADB3E}
		{9C03FE94-5AF1-47A3-91F2-CF52CF94CD4E} = {56AF6A46-A32D-4C52-9C0B-F88E771ADB3E}
		{DC13268D-22A1-41AD-B5C4-755B2D2F7EFD} = {56AF6A46-A32D-4C52-9C0B-F88E771ADB3E}
		{AED081E3-30E3-467A-96BC-563ABBF2E874} = {9CBC5F5E-328B-44DF-81EE-A9D9E8DAB8C9}
		{7ACB22B7-5F17-4648-8F95-7C981222D99D} = {9CBC5F5E-328B-44DF-81EE-A9D9E8DAB8C9}
		{7FC7998F-DBDD-43AC-AA84-44203B01A898} = {9CBC5F5E-328B-44DF-81EE-A9D9E8DAB8C9}
		{18F6750E-FAD0-4863-9B47-F161FB6B22BE} = {60F29F15-5B3F-4D65-875D-60351BA683BC}
		{0AF94B76-36AC-4A2E-90DF-D39DB98CCE0D} = {60F29F15-5B3F-4D65-875D-60351BA683BC}
		{57940EFD-BADD-447E-B935-D0250528FA31} = {60F29F15-5B3F-4D65-875D-60351BA683BC}
		{1667D5FC-2892-4B9C-B35D-1B2D6A370BBC} = {B24873F7-CCD5-4D53-8B0B-872E4F8F1427}
		{74D15ACC-183C-44D0-9132-2759CBE477E8} = {B24873F7-CCD5-4D53-8B0B-872E4F8F1427}
		{EBDE9B83-5DC6-4A5D-BCF5-2F49929771EF} = {B24873F7-CCD5-4D53-8B0B-872E4F8F1427}
		{9878A811-F0C1-499D-B394-1F997044984F} = {A22D80BF-FCDE-4889-8500-DCFC6FC636AB}
		{6057DD57-91B4-4C9F-8DE2-0B9B230605F5} = {A22D80BF-FCDE-4889-8500-DCFC6FC636AB}
		{4DB441FB-E1DB-4234-AE14-69A048A4744F} = {A22D80BF-FCDE-4889-8500-DCFC6FC636AB}
		{FC3701AE-008F-4F3D-9AD2-D519C1DA7ADD} = {DDE48168-77CD-4D00-A8B4-8F3F2ABA4743}
		{F4CBCE23-1350-4CF7-9665-9592B7F204A9} = {DDE48168-77CD-4D00-A8B4-8F3F2ABA4743}
		{F53A552C-917D-4EB3-AB9E-645C9C01B4E9} = {DDE48168-77CD-4D00-A8B4-8F3F2ABA4743}
	EndGlobalSection
	GlobalSection(ExtensibilityGlobals) = postSolution
		SolutionGuid = {4DFB3BF4-E342-4AB1-82CC-515EA792BCCA}
	EndGlobalSection
EndGlobal
